
Microsoft Visual Studio Solution File, Format Version 11.00
# Visual Studio 2010
Project("{FAE04EC0-301F-11D3-BF4B-00C04F79EFBC}") = "Assembly-CSharp", "Assembly-CSharp.csproj", "{ca9dea60-4bad-7a67-4950-e4ad8b864757}"
EndProject
Global
	GlobalSection(SolutionConfigurationPlatforms) = preSolution
		Debug|Any CPU = Debug|Any CPU
		Release|Any CPU = Release|Any CPU
	EndGlobalSection
	GlobalSection(ProjectConfigurationPlatforms) = postSolution
		{ca9dea60-4bad-7a67-4950-e4ad8b864757}.Debug|Any CPU.ActiveCfg = Debug|Any CPU
		{ca9dea60-4bad-7a67-4950-e4ad8b864757}.Debug|Any CPU.Build.0 = Debug|Any CPU
		{ca9dea60-4bad-7a67-4950-e4ad8b864757}.Release|Any CPU.ActiveCfg = Release|Any CPU
		{ca9dea60-4bad-7a67-4950-e4ad8b864757}.Release|Any CPU.Build.0 = Release|Any CPU
	EndGlobalSection
	GlobalSection(SolutionProperties) = preSolution
		HideSolutionNode = FALSE
	EndGlobalSection
EndGlobal
